
Microsoft Visual Studio Solution File, Format Version 12.00
# Visual Studio 2013
VisualStudioVersion = 12.0.21005.1
MinimumVisualStudioVersion = 10.0.40219.1
Project("{FAE04EC0-301F-11D3-BF4B-00C04F79EFBC}") = "EmailEnhancement", "EmailEnhancement\EmailEnhancement.csproj", "{91D3AD89-F07A-41E8-AF8B-943AE2053A71}"
EndProject
Project("{FAE04EC0-301F-11D3-BF4B-00C04F79EFBC}") = "EmailEnhancementWeb", "EmailEnhancementWeb\EmailEnhancementWeb.csproj", "{C3AF9D24-2A90-4C18-8570-9D125F0A20E4}"
EndProject
Global
	GlobalSection(SolutionConfigurationPlatforms) = preSolution
		Debug|Any CPU = Debug|Any CPU
		Release|Any CPU = Release|Any CPU
	EndGlobalSection
	GlobalSection(ProjectConfigurationPlatforms) = postSolution
		{91D3AD89-F07A-41E8-AF8B-943AE2053A71}.Debug|Any CPU.ActiveCfg = Debug|Any CPU
		{91D3AD89-F07A-41E8-AF8B-943AE2053A71}.Debug|Any CPU.Build.0 = Debug|Any CPU
		{91D3AD89-F07A-41E8-AF8B-943AE2053A71}.Debug|Any CPU.Deploy.0 = Debug|Any CPU
		{91D3AD89-F07A-41E8-AF8B-943AE2053A71}.Release|Any CPU.ActiveCfg = Release|Any CPU
		{91D3AD89-F07A-41E8-AF8B-943AE2053A71}.Release|Any CPU.Build.0 = Release|Any CPU
		{91D3AD89-F07A-41E8-AF8B-943AE2053A71}.Release|Any CPU.Deploy.0 = Release|Any CPU
		{C3AF9D24-2A90-4C18-8570-9D125F0A20E4}.Debug|Any CPU.ActiveCfg = Debug|Any CPU
		{C3AF9D24-2A90-4C18-8570-9D125F0A20E4}.Debug|Any CPU.Build.0 = Debug|Any CPU
		{C3AF9D24-2A90-4C18-8570-9D125F0A20E4}.Release|Any CPU.ActiveCfg = Release|Any CPU
		{C3AF9D24-2A90-4C18-8570-9D125F0A20E4}.Release|Any CPU.Build.0 = Release|Any CPU
	EndGlobalSection
	GlobalSection(SolutionProperties) = preSolution
		HideSolutionNode = FALSE
	EndGlobalSection
EndGlobal
